{
  "format_version": "1.2",
  "terraform_version": "1.5.7",
  "planned_values": {
    "root_module": {
      "resources": [
        {
          "address": "azurerm_resource_group.rg",
          "mode": "managed",
          "type": "azurerm_resource_group",
          "name": "rg",
          "provider_name": "registry.terraform.io/hashicorp/azurerm",
          "schema_version": 0,
          "values": {
            "location": "westeurope",
            "managed_by": null,
            "name": "rg-demo-opa",
            "tags": {
              "business_unit": "core",
              "environment": "staging",
              "itservice": "xyz",
              "organization": "abc"
            },
            "timeouts": null
          },
          "sensitive_values": {
            "tags": {}
          }
        },
        {
          "address": "azurerm_storage_account.storage",
          "mode": "managed",
          "type": "azurerm_storage_account",
          "name": "storage",
          "provider_name": "registry.terraform.io/hashicorp/azurerm",
          "schema_version": 4,
          "values": {
            "account_kind": "StorageV2",
            "account_replication_type": "GRS",
            "account_tier": "Standard",
            "allow_nested_items_to_be_public": true,
            "allowed_copy_scope": null,
            "azure_files_authentication": [],
            "cross_tenant_replication_enabled": true,
            "custom_domain": [],
            "customer_managed_key": [],
            "default_to_oauth_authentication": false,
            "edge_zone": null,
            "enable_https_traffic_only": false,
            "identity": [],
            "immutability_policy": [],
            "infrastructure_encryption_enabled": false,
            "is_hns_enabled": false,
            "location": "westeurope",
            "min_tls_version": "TLS1_2",
            "name": "sademotestopa1",
            "nfsv3_enabled": false,
            "public_network_access_enabled": true,
            "queue_encryption_key_type": "Service",
            "resource_group_name": "rg-demo-opa",
            "sas_policy": [],
            "sftp_enabled": false,
            "shared_access_key_enabled": true,
            "static_website": [],
            "table_encryption_key_type": "Service",
            "tags": {
              "business_unit": "core",
              "environment": "staging",
              "itservice": "xyz",
              "organization": "abc"
            },
            "timeouts": null
          },
          "sensitive_values": {
            "azure_files_authentication": [],
            "blob_properties": [],
            "custom_domain": [],
            "customer_managed_key": [],
            "identity": [],
            "immutability_policy": [],
            "network_rules": [],
            "queue_properties": [],
            "routing": [],
            "sas_policy": [],
            "share_properties": [],
            "static_website": [],
            "tags": {}
          }
        }
      ]
    }
  },
  "resource_changes": [
    {
      "address": "azurerm_resource_group.rg",
      "mode": "managed",
      "type": "azurerm_resource_group",
      "name": "rg",
      "provider_name": "registry.terraform.io/hashicorp/azurerm",
      "change": {
        "actions": [
          "create"
        ],
        "before": null,
        "after": {
          "location": "westeurope",
          "managed_by": null,
          "name": "rg-demo-opa",
          "tags": {
            "business_unit": "core",
            "environment": "staging",
            "itservice": "xyz",
            "organization": "abc"
          },
          "timeouts": null
        },
        "after_unknown": {
          "id": true,
          "tags": {}
        },
        "before_sensitive": false,
        "after_sensitive": {
          "tags": {}
        }
      }
    },
    {
      "address": "azurerm_storage_account.storage",
      "mode": "managed",
      "type": "azurerm_storage_account",
      "name": "storage",
      "provider_name": "registry.terraform.io/hashicorp/azurerm",
      "change": {
        "actions": [
          "create"
        ],
        "before": null,
        "after": {
          "account_kind": "StorageV2",
          "account_replication_type": "GRS",
          "account_tier": "Standard",
          "allow_nested_items_to_be_public": true,
          "allowed_copy_scope": null,
          "azure_files_authentication": [],
          "cross_tenant_replication_enabled": true,
          "custom_domain": [],
          "customer_managed_key": [],
          "default_to_oauth_authentication": false,
          "edge_zone": null,
          "enable_https_traffic_only": false,
          "identity": [],
          "immutability_policy": [],
          "infrastructure_encryption_enabled": false,
          "is_hns_enabled": false,
          "location": "westeurope",
          "min_tls_version": "TLS1_2",
          "name": "sademotestopa1",
          "nfsv3_enabled": false,
          "public_network_access_enabled": true,
          "queue_encryption_key_type": "Service",
          "resource_group_name": "rg-demo-opa",
          "sas_policy": [],
          "sftp_enabled": false,
          "shared_access_key_enabled": true,
          "static_website": [],
          "table_encryption_key_type": "Service",
          "tags": {
            "business_unit": "core",
            "environment": "staging",
            "itservice": "xyz",
            "organization": "abc"
          },
          "timeouts": null
        },
        "after_unknown": {
          "access_tier": true,
          "azure_files_authentication": [],
          "blob_properties": true,
          "custom_domain": [],
          "customer_managed_key": [],
          "id": true,
          "identity": [],
          "immutability_policy": [],
          "large_file_share_enabled": true,
          "network_rules": true,
          "primary_access_key": true,
          "primary_blob_connection_string": true,
          "primary_blob_endpoint": true,
          "primary_blob_host": true,
          "primary_connection_string": true,
          "primary_dfs_endpoint": true,
          "primary_dfs_host": true,
          "primary_file_endpoint": true,
          "primary_file_host": true,
          "primary_location": true,
          "primary_queue_endpoint": true,
          "primary_queue_host": true,
          "primary_table_endpoint": true,
          "primary_table_host": true,
          "primary_web_endpoint": true,
          "primary_web_host": true,
          "queue_properties": true,
          "routing": true,
          "sas_policy": [],
          "secondary_access_key": true,
          "secondary_blob_connection_string": true,
          "secondary_blob_endpoint": true,
          "secondary_blob_host": true,
          "secondary_connection_string": true,
          "secondary_dfs_endpoint": true,
          "secondary_dfs_host": true,
          "secondary_file_endpoint": true,
          "secondary_file_host": true,
          "secondary_location": true,
          "secondary_queue_endpoint": true,
          "secondary_queue_host": true,
          "secondary_table_endpoint": true,
          "secondary_table_host": true,
          "secondary_web_endpoint": true,
          "secondary_web_host": true,
          "share_properties": true,
          "static_website": [],
          "tags": {}
        },
        "before_sensitive": false,
        "after_sensitive": {
          "azure_files_authentication": [],
          "blob_properties": [],
          "custom_domain": [],
          "customer_managed_key": [],
          "identity": [],
          "immutability_policy": [],
          "network_rules": [],
          "primary_access_key": true,
          "primary_blob_connection_string": true,
          "primary_connection_string": true,
          "queue_properties": [],
          "routing": [],
          "sas_policy": [],
          "secondary_access_key": true,
          "secondary_blob_connection_string": true,
          "secondary_connection_string": true,
          "share_properties": [],
          "static_website": [],
          "tags": {}
        }
      }
    }
  ],
  "configuration": {
    "provider_config": {
      "azurerm": {
        "name": "azurerm",
        "full_name": "registry.terraform.io/hashicorp/azurerm",
        "version_constraint": "~> 3.35",
        "expressions": {
          "features": [
            {}
          ]
        }
      }
    },
    "root_module": {
      "resources": [
        {
          "address": "azurerm_resource_group.rg",
          "mode": "managed",
          "type": "azurerm_resource_group",
          "name": "rg",
          "provider_config_key": "azurerm",
          "expressions": {
            "location": {
              "constant_value": "westeurope"
            },
            "name": {
              "constant_value": "rg-demo-opa"
            },
            "tags": {
              "constant_value": {
                "business_unit": "core",
                "environment": "staging",
                "itservice": "xyz",
                "organization": "abc"
              }
            }
          },
          "schema_version": 0
        },
        {
          "address": "azurerm_storage_account.storage",
          "mode": "managed",
          "type": "azurerm_storage_account",
          "name": "storage",
          "provider_config_key": "azurerm",
          "expressions": {
            "account_replication_type": {
              "constant_value": "GRS"
            },
            "account_tier": {
              "constant_value": "Standard"
            },
            "enable_https_traffic_only": {
              "constant_value": false
            },
            "location": {
              "references": [
                "azurerm_resource_group.rg.location",
                "azurerm_resource_group.rg"
              ]
            },
            "name": {
              "constant_value": "sademotestopa1"
            },
            "resource_group_name": {
              "references": [
                "azurerm_resource_group.rg.name",
                "azurerm_resource_group.rg"
              ]
            },
            "tags": {
              "constant_value": {
                "business_unit": "core",
                "environment": "staging",
                "itservice": "xyz",
                "organization": "abc"
              }
            }
          },
          "schema_version": 4
        }
      ]
    }
  },
  "relevant_attributes": [
    {
      "resource": "azurerm_resource_group.rg",
      "attribute": [
        "location"
      ]
    },
    {
      "resource": "azurerm_resource_group.rg",
      "attribute": [
        "name"
      ]
    }
  ],
  "timestamp": "2023-10-05T19:34:53Z"
}
